
Microsoft Visual Studio Solution File, Format Version 12.00
# Visual Studio Version 17
VisualStudioVersion = 17.3.32825.248
MinimumVisualStudioVersion = 10.0.40219.1
Project("{9A19103F-16F7-4668-BE54-9A1E7A4F7556}") = "GradeJournal", "GradeJournal\GradeJournal.csproj", "{05E8154F-58FA-4C03-BEB3-52A2FEEA3E1D}"
EndProject
Project("{FAE04EC0-301F-11D3-BF4B-00C04F79EFBC}") = "GradeJournal.Tests", "GradeJournal.Tests\GradeJournal.Tests.csproj", "{6E700294-54B7-460E-81E7-67CC3B7FBEE4}"
EndProject
Global
	GlobalSection(SolutionConfigurationPlatforms) = preSolution
		Debug|Any CPU = Debug|Any CPU
		Release|Any CPU = Release|Any CPU
	EndGlobalSection
	GlobalSection(ProjectConfigurationPlatforms) = postSolution
		{05E8154F-58FA-4C03-BEB3-52A2FEEA3E1D}.Debug|Any CPU.ActiveCfg = Debug|Any CPU
		{05E8154F-58FA-4C03-BEB3-52A2FEEA3E1D}.Debug|Any CPU.Build.0 = Debug|Any CPU
		{05E8154F-58FA-4C03-BEB3-52A2FEEA3E1D}.Release|Any CPU.ActiveCfg = Release|Any CPU
		{05E8154F-58FA-4C03-BEB3-52A2FEEA3E1D}.Release|Any CPU.Build.0 = Release|Any CPU
		{6E700294-54B7-460E-81E7-67CC3B7FBEE4}.Debug|Any CPU.ActiveCfg = Debug|Any CPU
		{6E700294-54B7-460E-81E7-67CC3B7FBEE4}.Debug|Any CPU.Build.0 = Debug|Any CPU
		{6E700294-54B7-460E-81E7-67CC3B7FBEE4}.Release|Any CPU.ActiveCfg = Release|Any CPU
		{6E700294-54B7-460E-81E7-67CC3B7FBEE4}.Release|Any CPU.Build.0 = Release|Any CPU
	EndGlobalSection
	GlobalSection(SolutionProperties) = preSolution
		HideSolutionNode = FALSE
	EndGlobalSection
	GlobalSection(ExtensibilityGlobals) = postSolution
		SolutionGuid = {E8B19262-3A32-494B-9049-617070A3EE5F}
	EndGlobalSection
EndGlobal
